
Microsoft Visual Studio Solution File, Format Version 12.00
# Visual Studio Version 16
VisualStudioVersion = 16.0.31702.278
MinimumVisualStudioVersion = 10.0.40219.1
Project("{FAE04EC0-301F-11D3-BF4B-00C04F79EFBC}") = "SagaImpl.OrderService", "SagaImpl.OrderService\SagaImpl.OrderService.csproj", "{00E1B6EF-0CB1-43E1-B45B-9FEDBBE50235}"
EndProject
Project("{FAE04EC0-301F-11D3-BF4B-00C04F79EFBC}") = "SagaImpl.InventoryService", "SagaImpl.InventoryService\SagaImpl.InventoryService.csproj", "{D53BF239-D653-4900-BDF7-4DF61C46FC7E}"
EndProject
Project("{FAE04EC0-301F-11D3-BF4B-00C04F79EFBC}") = "SagaImpl.PaymentService", "SagaImpl.PaymentService\SagaImpl.PaymentService.csproj", "{E97C06BE-DC75-45B2-919D-32C92A6930CF}"
EndProject
Project("{FAE04EC0-301F-11D3-BF4B-00C04F79EFBC}") = "SagaImpl.Common", "SagaImpl.Common\SagaImpl.Common.csproj", "{6DC6DEDE-253C-42C6-AA39-0FD9074658C6}"
EndProject
Global
	GlobalSection(SolutionConfigurationPlatforms) = preSolution
		Debug|Any CPU = Debug|Any CPU
		Release|Any CPU = Release|Any CPU
	EndGlobalSection
	GlobalSection(ProjectConfigurationPlatforms) = postSolution
		{00E1B6EF-0CB1-43E1-B45B-9FEDBBE50235}.Debug|Any CPU.ActiveCfg = Debug|Any CPU
		{00E1B6EF-0CB1-43E1-B45B-9FEDBBE50235}.Debug|Any CPU.Build.0 = Debug|Any CPU
		{00E1B6EF-0CB1-43E1-B45B-9FEDBBE50235}.Release|Any CPU.ActiveCfg = Release|Any CPU
		{00E1B6EF-0CB1-43E1-B45B-9FEDBBE50235}.Release|Any CPU.Build.0 = Release|Any CPU
		{D53BF239-D653-4900-BDF7-4DF61C46FC7E}.Debug|Any CPU.ActiveCfg = Debug|Any CPU
		{D53BF239-D653-4900-BDF7-4DF61C46FC7E}.Debug|Any CPU.Build.0 = Debug|Any CPU
		{D53BF239-D653-4900-BDF7-4DF61C46FC7E}.Release|Any CPU.ActiveCfg = Release|Any CPU
		{D53BF239-D653-4900-BDF7-4DF61C46FC7E}.Release|Any CPU.Build.0 = Release|Any CPU
		{E97C06BE-DC75-45B2-919D-32C92A6930CF}.Debug|Any CPU.ActiveCfg = Debug|Any CPU
		{E97C06BE-DC75-45B2-919D-32C92A6930CF}.Debug|Any CPU.Build.0 = Debug|Any CPU
		{E97C06BE-DC75-45B2-919D-32C92A6930CF}.Release|Any CPU.ActiveCfg = Release|Any CPU
		{E97C06BE-DC75-45B2-919D-32C92A6930CF}.Release|Any CPU.Build.0 = Release|Any CPU
		{6DC6DEDE-253C-42C6-AA39-0FD9074658C6}.Debug|Any CPU.ActiveCfg = Debug|Any CPU
		{6DC6DEDE-253C-42C6-AA39-0FD9074658C6}.Debug|Any CPU.Build.0 = Debug|Any CPU
		{6DC6DEDE-253C-42C6-AA39-0FD9074658C6}.Release|Any CPU.ActiveCfg = Release|Any CPU
		{6DC6DEDE-253C-42C6-AA39-0FD9074658C6}.Release|Any CPU.Build.0 = Release|Any CPU
	EndGlobalSection
	GlobalSection(SolutionProperties) = preSolution
		HideSolutionNode = FALSE
	EndGlobalSection
	GlobalSection(ExtensibilityGlobals) = postSolution
		SolutionGuid = {E83D965B-63CB-4ACC-B5E6-CAE8F315F3A4}
	EndGlobalSection
EndGlobal
